
Microsoft Visual Studio Solution File, Format Version 12.00
# Visual Studio Version 17
VisualStudioVersion = 17.6.33829.357
MinimumVisualStudioVersion = 10.0.40219.1
Project("{2150E333-8FDC-42A3-9474-1A3956D46DE8}") = "src", "src", "{F4732EBB-2E1B-48D9-B96A-98996289888E}"
EndProject
Project("{9A19103F-16F7-4668-BE54-9A1E7A4F7556}") = "Izeem.API", "src\Izeem.API\Izeem.API.csproj", "{7A67844B-EDE2-4714-9626-BEFFA9274939}"
EndProject
Project("{9A19103F-16F7-4668-BE54-9A1E7A4F7556}") = "Izeem.Domain", "src\Izeem.Domain\Izeem.Domain.csproj", "{17FA0E09-CD07-4F77-A448-7552D1D38178}"
EndProject
Project("{9A19103F-16F7-4668-BE54-9A1E7A4F7556}") = "Izeem.DAL", "src\Izeem.DAL\Izeem.DAL.csproj", "{BA43DB9F-7689-44BA-81C9-C0C7664C12D6}"
EndProject
Project("{9A19103F-16F7-4668-BE54-9A1E7A4F7556}") = "Izeem.Service", "src\Izeem.Service\Izeem.Service.csproj", "{295696CA-8A96-476F-9FBE-5F8865A83769}"
EndProject
Project("{FAE04EC0-301F-11D3-BF4B-00C04F79EFBC}") = "Izeem.Desktop", "src\Izeem.Desktop\Izeem.Desktop.csproj", "{38DC8491-EAA8-47D5-8D47-12495DCF6C41}"
EndProject
Global
	GlobalSection(SolutionConfigurationPlatforms) = preSolution
		Debug|Any CPU = Debug|Any CPU
		Release|Any CPU = Release|Any CPU
	EndGlobalSection
	GlobalSection(ProjectConfigurationPlatforms) = postSolution
		{7A67844B-EDE2-4714-9626-BEFFA9274939}.Debug|Any CPU.ActiveCfg = Debug|Any CPU
		{7A67844B-EDE2-4714-9626-BEFFA9274939}.Debug|Any CPU.Build.0 = Debug|Any CPU
		{7A67844B-EDE2-4714-9626-BEFFA9274939}.Release|Any CPU.ActiveCfg = Release|Any CPU
		{7A67844B-EDE2-4714-9626-BEFFA9274939}.Release|Any CPU.Build.0 = Release|Any CPU
		{17FA0E09-CD07-4F77-A448-7552D1D38178}.Debug|Any CPU.ActiveCfg = Debug|Any CPU
		{17FA0E09-CD07-4F77-A448-7552D1D38178}.Debug|Any CPU.Build.0 = Debug|Any CPU
		{17FA0E09-CD07-4F77-A448-7552D1D38178}.Release|Any CPU.ActiveCfg = Release|Any CPU
		{17FA0E09-CD07-4F77-A448-7552D1D38178}.Release|Any CPU.Build.0 = Release|Any CPU
		{BA43DB9F-7689-44BA-81C9-C0C7664C12D6}.Debug|Any CPU.ActiveCfg = Debug|Any CPU
		{BA43DB9F-7689-44BA-81C9-C0C7664C12D6}.Debug|Any CPU.Build.0 = Debug|Any CPU
		{BA43DB9F-7689-44BA-81C9-C0C7664C12D6}.Release|Any CPU.ActiveCfg = Release|Any CPU
		{BA43DB9F-7689-44BA-81C9-C0C7664C12D6}.Release|Any CPU.Build.0 = Release|Any CPU
		{295696CA-8A96-476F-9FBE-5F8865A83769}.Debug|Any CPU.ActiveCfg = Debug|Any CPU
		{295696CA-8A96-476F-9FBE-5F8865A83769}.Debug|Any CPU.Build.0 = Debug|Any CPU
		{295696CA-8A96-476F-9FBE-5F8865A83769}.Release|Any CPU.ActiveCfg = Release|Any CPU
		{295696CA-8A96-476F-9FBE-5F8865A83769}.Release|Any CPU.Build.0 = Release|Any CPU
		{38DC8491-EAA8-47D5-8D47-12495DCF6C41}.Debug|Any CPU.ActiveCfg = Debug|Any CPU
		{38DC8491-EAA8-47D5-8D47-12495DCF6C41}.Debug|Any CPU.Build.0 = Debug|Any CPU
		{38DC8491-EAA8-47D5-8D47-12495DCF6C41}.Release|Any CPU.ActiveCfg = Release|Any CPU
		{38DC8491-EAA8-47D5-8D47-12495DCF6C41}.Release|Any CPU.Build.0 = Release|Any CPU
	EndGlobalSection
	GlobalSection(SolutionProperties) = preSolution
		HideSolutionNode = FALSE
	EndGlobalSection
	GlobalSection(NestedProjects) = preSolution
		{7A67844B-EDE2-4714-9626-BEFFA9274939} = {F4732EBB-2E1B-48D9-B96A-98996289888E}
		{17FA0E09-CD07-4F77-A448-7552D1D38178} = {F4732EBB-2E1B-48D9-B96A-98996289888E}
		{BA43DB9F-7689-44BA-81C9-C0C7664C12D6} = {F4732EBB-2E1B-48D9-B96A-98996289888E}
		{295696CA-8A96-476F-9FBE-5F8865A83769} = {F4732EBB-2E1B-48D9-B96A-98996289888E}
		{38DC8491-EAA8-47D5-8D47-12495DCF6C41} = {F4732EBB-2E1B-48D9-B96A-98996289888E}
	EndGlobalSection
	GlobalSection(ExtensibilityGlobals) = postSolution
		SolutionGuid = {FB735B40-A65D-49C7-A86C-36C933481444}
	EndGlobalSection
EndGlobal
