
Microsoft Visual Studio Solution File, Format Version 12.00
# Visual Studio Version 17
VisualStudioVersion = 17.6.33829.357
MinimumVisualStudioVersion = 10.0.40219.1
Project("{2150E333-8FDC-42A3-9474-1A3956D46DE8}") = "src", "src", "{F4732EBB-2E1B-48D9-B96A-98996289888E}"
EndProject
Project("{FAE04EC0-301F-11D3-BF4B-00C04F79EFBC}") = "Izeem.API", "src\Izeem.API\Izeem.API.csproj", "{7A67844B-EDE2-4714-9626-BEFFA9274939}"
EndProject
Global
	GlobalSection(SolutionConfigurationPlatforms) = preSolution
		Debug|Any CPU = Debug|Any CPU
		Release|Any CPU = Release|Any CPU
	EndGlobalSection
	GlobalSection(ProjectConfigurationPlatforms) = postSolution
		{7A67844B-EDE2-4714-9626-BEFFA9274939}.Debug|Any CPU.ActiveCfg = Debug|Any CPU
		{7A67844B-EDE2-4714-9626-BEFFA9274939}.Debug|Any CPU.Build.0 = Debug|Any CPU
		{7A67844B-EDE2-4714-9626-BEFFA9274939}.Release|Any CPU.ActiveCfg = Release|Any CPU
		{7A67844B-EDE2-4714-9626-BEFFA9274939}.Release|Any CPU.Build.0 = Release|Any CPU
	EndGlobalSection
	GlobalSection(SolutionProperties) = preSolution
		HideSolutionNode = FALSE
	EndGlobalSection
	GlobalSection(NestedProjects) = preSolution
		{7A67844B-EDE2-4714-9626-BEFFA9274939} = {F4732EBB-2E1B-48D9-B96A-98996289888E}
	EndGlobalSection
	GlobalSection(ExtensibilityGlobals) = postSolution
		SolutionGuid = {FB735B40-A65D-49C7-A86C-36C933481444}
	EndGlobalSection
EndGlobal
